# This file was autogenerated by Stack.
# You should not edit this file by hand.
# For more information, please see the documentation at:
#   https://docs.haskellstack.org/en/stable/lock_files

packages:
- completed:
    hackage: moffy-samples-events-0.2.1.0@sha256:3811265f145b0a73ab515cf3e927ad09b0f6c21a16c1dab092e572322bb81179,3178
    pantry-tree:
      sha256: c9a95b1fe13f3cb6dd26007f37d9d11a110bdd20e9bf1cb38e80dea0a728e854
      size: 2064
  original:
    hackage: moffy-samples-events-0.2.1.0
- completed:
    hackage: union-color-0.1.2.1@sha256:0d8cd13f3fbe8135f34244f9847b415635d6066b06c92203fdb521a36cdaeae8,1326
    pantry-tree:
      sha256: 7df303497f2479607876d561c5b48000d05bc22eabed3c4d84426440e4d5717a
      size: 429
  original:
    hackage: union-color-0.1.2.1
snapshots:
- completed:
    sha256: ea200ce76bd0713b746001f1acaa55541d9ee936c668251b5f5d83e7848b8fff
    size: 708926
    url: https://raw.githubusercontent.com/commercialhaskell/stackage-snapshots/master/nightly/2023/12/7.yaml
  original: nightly-2023-12-07
